
Microsoft Visual Studio Solution File, Format Version 12.00
# Visual Studio Version 16
VisualStudioVersion = 16.0.30717.126
MinimumVisualStudioVersion = 10.0.40219.1
Project("{9A19103F-16F7-4668-BE54-9A1E7A4F7556}") = "APIACMS", "APIACMS.csproj", "{ADD23470-67F8-4BFF-B266-29C4D78EB3BE}"
EndProject
Project("{9A19103F-16F7-4668-BE54-9A1E7A4F7556}") = "ACMS.DAL", "..\ACMS.DAL\ACMS.DAL.csproj", "{E8B12763-5318-4F03-8CB7-FDF2A7AA6503}"
EndProject
Global
	GlobalSection(SolutionConfigurationPlatforms) = preSolution
		Debug|Any CPU = Debug|Any CPU
		Release|Any CPU = Release|Any CPU
	EndGlobalSection
	GlobalSection(ProjectConfigurationPlatforms) = postSolution
		{ADD23470-67F8-4BFF-B266-29C4D78EB3BE}.Debug|Any CPU.ActiveCfg = Debug|Any CPU
		{ADD23470-67F8-4BFF-B266-29C4D78EB3BE}.Debug|Any CPU.Build.0 = Debug|Any CPU
		{ADD23470-67F8-4BFF-B266-29C4D78EB3BE}.Release|Any CPU.ActiveCfg = Release|Any CPU
		{ADD23470-67F8-4BFF-B266-29C4D78EB3BE}.Release|Any CPU.Build.0 = Release|Any CPU
		{E8B12763-5318-4F03-8CB7-FDF2A7AA6503}.Debug|Any CPU.ActiveCfg = Debug|Any CPU
		{E8B12763-5318-4F03-8CB7-FDF2A7AA6503}.Debug|Any CPU.Build.0 = Debug|Any CPU
		{E8B12763-5318-4F03-8CB7-FDF2A7AA6503}.Release|Any CPU.ActiveCfg = Release|Any CPU
		{E8B12763-5318-4F03-8CB7-FDF2A7AA6503}.Release|Any CPU.Build.0 = Release|Any CPU
	EndGlobalSection
	GlobalSection(SolutionProperties) = preSolution
		HideSolutionNode = FALSE
	EndGlobalSection
	GlobalSection(ExtensibilityGlobals) = postSolution
		SolutionGuid = {B010A241-06A5-446F-8DDC-D8ACCC3B1C0F}
	EndGlobalSection
EndGlobal
